// !$*UTF8*$!
{
	archiveVersion = 1;
	classes = {
	};
	objectVersion = 46;
	objects = {

/* Begin PBXBuildFile section */
		F9BF43D51BA8CF8B00BBEB63 /* AppDelegate.swift in Sources */ = {isa = PBXBuildFile; fileRef = F9BF43D41BA8CF8B00BBEB63 /* AppDelegate.swift */; };
		F9BF43D71BA8CF8B00BBEB63 /* ViewController.swift in Sources */ = {isa = PBXBuildFile; fileRef = F9BF43D61BA8CF8B00BBEB63 /* ViewController.swift */; };
		F9BF43DA1BA8CF8B00BBEB63 /* Main.storyboard in Resources */ = {isa = PBXBuildFile; fileRef = F9BF43D81BA8CF8B00BBEB63 /* Main.storyboard */; };
		F9BF43DC1BA8CF8B00BBEB63 /* Assets.xcassets in Resources */ = {isa = PBXBuildFile; fileRef = F9BF43DB1BA8CF8B00BBEB63 /* Assets.xcassets */; };
		F9BF43DF1BA8CF8B00BBEB63 /* LaunchScreen.storyboard in Resources */ = {isa = PBXBuildFile; fileRef = F9BF43DD1BA8CF8B00BBEB63 /* LaunchScreen.storyboard */; };
/* End PBXBuildFile section */

/* Begin PBXFileReference section */
		F9BF43D11BA8CF8B00BBEB63 /* MyFirstApp.app */ = {isa = PBXFileReference; explicitFileType = wrapper.application; includeInIndex = 0; path = MyFirstApp.app; sourceTree = BUILT_PRODUCTS_DIR; };
		F9BF43D41BA8CF8B00BBEB63 /* AppDelegate.swift */ = {isa = PBXFileReference; lastKnownFileType = sourcecode.swift; path = AppDelegate.swift; sourceTree = "<group>"; };
		F9BF43D61BA8CF8B00BBEB63 /* ViewController.swift */ = {isa = PBXFileReference; lastKnownFileType = sourcecode.swift; path = ViewController.swift; sourceTree = "<group>"; };
		F9BF43D91BA8CF8B00BBEB63 /* Base */ = {isa = PBXFileReference; lastKnownFileType = file.storyboard; name = Base; path = Base.lproj/Main.storyboard; sourceTree = "<group>"; };
		F9BF43DB1BA8CF8B00BBEB63 /* Assets.xcassets */ = {isa = PBXFileReference; lastKnownFileType = folder.assetcatalog; path = Assets.xcassets; sourceTree = "<group>"; };
		F9BF43DE1BA8CF8B00BBEB63 /* Base */ = {isa = PBXFileReference; lastKnownFileType = file.storyboard; name = Base; path = Base.lproj/LaunchScreen.storyboard; sourceTree = "<group>"; };
		F9BF43E01BA8CF8B00BBEB63 /* Info.plist */ = {isa = PBXFileReference; lastKnownFileType = text.plist.xml; path = Info.plist; sourceTree = "<group>"; };
/* End PBXFileReference section */

/* Begin PBXFrameworksBuildPhase section */
		F9BF43CE1BA8CF8B00BBEB63 /* Frameworks */ = {
			isa = PBXFrameworksBuildPhase;
			buildActionMask = 2147483647;
			files = (
			);
			runOnlyForDeploymentPostprocessing = 0;
		};
/* End PBXFrameworksBuildPhase section */

/* Begin PBXGroup section */
		F9BF43C81BA8CF8B00BBEB63 = {
			isa = PBXGroup;
			children = (
				F9BF43D31BA8CF8B00BBEB63 /* MyFirstApp */,
				F9BF43D21BA8CF8B00BBEB63 /* Products */,
			);
			sourceTree = "<group>";
		};
		F9BF43D21BA8CF8B00BBEB63 /* Products */ = {
			isa = PBXGroup;
			children = (
				F9BF43D11BA8CF8B00BBEB63 /* MyFirstApp.app */,
			);
			name = Products;
			sourceTree = "<group>";
		};
		F9BF43D31BA8CF8B00BBEB63 /* MyFirstApp */ = {
			isa = PBXGroup;
			children = (
				F9BF43D41BA8CF8B00BBEB63 /* AppDelegate.swift */,
				F9BF43D61BA8CF8B00BBEB63 /* ViewController.swift */,
				F9BF43D81BA8CF8B00BBEB63 /* Main.storyboard */,
				F9BF43DB1BA8CF8B00BBEB63 /* Assets.xcassets */,
				F9BF43DD1BA8CF8B00BBEB63 /* LaunchScreen.storyboard */,
				F9BF43E01BA8CF8B00BBEB63 /* Info.plist */,
			);
			path = MyFirstApp;
			sourceTree = "<group>";
		};
/* End PBXGroup section */

/* Begin PBXNativeTarget section */
		F9BF43D01BA8CF8B00BBEB63 /* MyFirstApp */ = {
			isa = PBXNativeTarget;
			buildConfigurationList = F9BF43E31BA8CF8B00BBEB63 /* Build configuration list for PBXNativeTarget "MyFirstApp" */;
			buildPhases = (
				F9BF43CD1BA8CF8B00BBEB63 /* Sources */,
				F9BF43CE1BA8CF8B00BBEB63 /* Frameworks */,
				F9BF43CF1BA8CF8B00BBEB63 /* Resources */,
			);
			buildRules = (
			);
			dependencies = (
			);
			name = MyFirstApp;
			productName = MyFirstApp;
			productReference = F9BF43D11BA8CF8B00BBEB63 /* MyFirstApp.app */;
			productType = "com.apple.product-type.application";
		};
/* End PBXNativeTarget section */

/* Begin PBXProject section */
		F9BF43C91BA8CF8B00BBEB63 /* Project object */ = {
			isa = PBXProject;
			attributes = {
				LastUpgradeCheck = 0710;
				ORGANIZATIONNAME = "Hao Wu";
				TargetAttributes = {
					F9BF43D01BA8CF8B00BBEB63 = {
						CreatedOnToolsVersion = 7.1;
					};
				};
			};
			buildConfigurationList = F9BF43CC1BA8CF8B00BBEB63 /* Build configuration list for PBXProject "MyFirstApp" */;
			compatibilityVersion = "Xcode 3.2";
			developmentRegion = English;
			hasScannedForEncodings = 0;
			knownRegions = (
				en,
				Base,
			);
			mainGroup = F9BF43C81BA8CF8B00BBEB63;
			productRefGroup = F9BF43D21BA8CF8B00BBEB63 /* Products */;
			projectDirPath = "";
			projectRoot = "";
			targets = (
				F9BF43D01BA8CF8B00BBEB63 /* MyFirstApp */,
			);
		};
/* End PBXProject section */

/* Begin PBXResourcesBuildPhase section */
		F9BF43CF1BA8CF8B00BBEB63 /* Resources */ = {
			isa = PBXResourcesBuildPhase;
			buildActionMask = 2147483647;
			files = (
				F9BF43DF1BA8CF8B00BBEB63 /* LaunchScreen.storyboard in Resources */,
				F9BF43DC1BA8CF8B00BBEB63 /* Assets.xcassets in Resources */,
				F9BF43DA1BA8CF8B00BBEB63 /* Main.storyboard in Resources */,
			);
			runOnlyForDeploymentPostprocessing = 0;
		};
/* End PBXResourcesBuildPhase section */

/* Begin PBXSourcesBuildPhase section */
		F9BF43CD1BA8CF8B00BBEB63 /* Sources */ = {
			isa = PBXSourcesBuildPhase;
			buildActionMask = 2147483647;
			files = (
				F9BF43D71BA8CF8B00BBEB63 /* ViewController.swift in Sources */,
				F9BF43D51BA8CF8B00BBEB63 /* AppDelegate.swift in Sources */,
			);
			runOnlyForDeploymentPostprocessing = 0;
		};
/* End PBXSourcesBuildPhase section */

/* Begin PBXVariantGroup section */
		F9BF43D81BA8CF8B00BBEB63 /* Main.storyboard */ = {
			isa = PBXVariantGroup;
			children = (
				F9BF43D91BA8CF8B00BBEB63 /* Base */,
			);
			name = Main.storyboard;
			sourceTree = "<group>";
		};
		F9BF43DD1BA8CF8B00BBEB63 /* LaunchScreen.storyboard */ = {
			isa = PBXVariantGroup;
			children = (
				F9BF43DE1BA8CF8B00BBEB63 /* Base */,
			);
			name = LaunchScreen.storyboard;
			sourceTree = "<group>";
		};
/* End PBXVariantGroup section */

/* Begin XCBuildConfiguration section */
		F9BF43E11BA8CF8B00BBEB63 /* Debug */ = {
			isa = XCBuildConfiguration;
			buildSettings = {
				ALWAYS_SEARCH_USER_PATHS = NO;
				CLANG_CXX_LANGUAGE_STANDARD = "gnu++0x";
				CLANG_CXX_LIBRARY = "libc++";
				CLANG_ENABLE_MODULES = YES;
				CLANG_ENABLE_OBJC_ARC = YES;
				CLANG_WARN_BOOL_CONVERSION = YES;
				CLANG_WARN_CONSTANT_CONVERSION = YES;
				CLANG_WARN_DIRECT_OBJC_ISA_USAGE = YES_ERROR;
				CLANG_WARN_EMPTY_BODY = YES;
				CLANG_WARN_ENUM_CONVERSION = YES;
				CLANG_WARN_INT_CONVERSION = YES;
				CLANG_WARN_OBJC_ROOT_CLASS = YES_ERROR;
				CLANG_WARN_UNREACHABLE_CODE = YES;
				CLANG_WARN__DUPLICATE_METHOD_MATCH = YES;
				"CODE_SIGN_IDENTITY[sdk=iphoneos*]" = "iPhone Developer";
				COPY_PHASE_STRIP = NO;
				DEBUG_INFORMATION_FORMAT = dwarf;
				ENABLE_STRICT_OBJC_MSGSEND = YES;
				ENABLE_TESTABILITY = YES;
				GCC_C_LANGUAGE_STANDARD = gnu99;
				GCC_DYNAMIC_NO_PIC = NO;
				GCC_NO_COMMON_BLOCKS = YES;
				GCC_OPTIMIZATION_LEVEL = 0;
				GCC_PREPROCESSOR_DEFINITIONS = (
					"DEBUG=1",
					"$(inherited)",
				);
				GCC_WARN_64_TO_32_BIT_CONVERSION = YES;
				GCC_WARN_ABOUT_RETURN_TYPE = YES_ERROR;
				GCC_WARN_UNDECLARED_SELECTOR = YES;
				GCC_WARN_UNINITIALIZED_AUTOS = YES_AGGRESSIVE;
				GCC_WARN_UNUSED_FUNCTION = YES;
				GCC_WARN_UNUSED_VARIABLE = YES;
				IPHONEOS_DEPLOYMENT_TARGET = 9.1;
				MTL_ENABLE_DEBUG_INFO = YES;
				ONLY_ACTIVE_ARCH = YES;
				SDKROOT = iphoneos;
				SWIFT_OPTIMIZATION_LEVEL = "-Onone";
				TARGETED_DEVICE_FAMILY = "1,2";
			};
			name = Debug;
		};
		F9BF43E21BA8CF8B00BBEB63 /* Release */ = {
			isa = XCBuildConfiguration;
			buildSettings = {
				ALWAYS_SEARCH_USER_PATHS = NO;
				CLANG_CXX_LANGUAGE_STANDARD = "gnu++0x";
				CLANG_CXX_LIBRARY = "libc++";
				CLANG_ENABLE_MODULES = YES;
				CLANG_ENABLE_OBJC_ARC = YES;
				CLANG_WARN_BOOL_CONVERSION = YES;
				CLANG_WARN_CONSTANT_CONVERSION = YES;
				CLANG_WARN_DIRECT_OBJC_ISA_USAGE = YES_ERROR;
				CLANG_WARN_EMPTY_BODY = YES;
				CLANG_WARN_ENUM_CONVERSION = YES;
				CLANG_WARN_INT_CONVERSION = YES;
				CLANG_WARN_OBJC_ROOT_CLASS = YES_ERROR;
				CLANG_WARN_UNREACHABLE_CODE = YES;
				CLANG_WARN__DUPLICATE_METHOD_MATCH = YES;
				"CODE_SIGN_IDENTITY[sdk=iphoneos*]" = "iPhone Developer";
				COPY_PHASE_STRIP = NO;
				DEBUG_INFORMATION_FORMAT = "dwarf-with-dsym";
				ENABLE_NS_ASSERTIONS = NO;
				ENABLE_STRICT_OBJC_MSGSEND = YES;
				GCC_C_LANGUAGE_STANDARD = gnu99;
				GCC_NO_COMMON_BLOCKS = YES;
				GCC_WARN_64_TO_32_BIT_CONVERSION = YES;
				GCC_WARN_ABOUT_RETURN_TYPE = YES_ERROR;
				GCC_WARN_UNDECLARED_SELECTOR = YES;
				GCC_WARN_UNINITIALIZED_AUTOS = YES_AGGRESSIVE;
				GCC_WARN_UNUSED_FUNCTION = YES;
				GCC_WARN_UNUSED_VARIABLE = YES;
				IPHONEOS_DEPLOYMENT_TARGET = 9.1;
				MTL_ENABLE_DEBUG_INFO = NO;
				SDKROOT = iphoneos;
				TARGETED_DEVICE_FAMILY = "1,2";
				VALIDATE_PRODUCT = YES;
			};
			name = Release;
		};
		F9BF43E41BA8CF8B00BBEB63 /* Debug */ = {
			isa = XCBuildConfiguration;
			buildSettings = {
				ASSETCATALOG_COMPILER_APPICON_NAME = AppIcon;
				INFOPLIST_FILE = MyFirstApp/Info.plist;
				LD_RUNPATH_SEARCH_PATHS = "$(inherited) @executable_path/Frameworks";
				PRODUCT_BUNDLE_IDENTIFIER = com.haowu.MyFirstApp;
				PRODUCT_NAME = "$(TARGET_NAME)";
			};
			name = Debug;
		};
		F9BF43E51BA8CF8B00BBEB63 /* Release */ = {
			isa = XCBuildConfiguration;
			buildSettings = {
				ASSETCATALOG_COMPILER_APPICON_NAME = AppIcon;
				INFOPLIST_FILE = MyFirstApp/Info.plist;
				LD_RUNPATH_SEARCH_PATHS = "$(inherited) @executable_path/Frameworks";
				PRODUCT_BUNDLE_IDENTIFIER = com.haowu.MyFirstApp;
				PRODUCT_NAME = "$(TARGET_NAME)";
			};
			name = Release;
		};
/* End XCBuildConfiguration section */

/* Begin XCConfigurationList section */
		F9BF43CC1BA8CF8B00BBEB63 /* Build configuration list for PBXProject "MyFirstApp" */ = {
			isa = XCConfigurationList;
			buildConfigurations = (
				F9BF43E11BA8CF8B00BBEB63 /* Debug */,
				F9BF43E21BA8CF8B00BBEB63 /* Release */,
			);
			defaultConfigurationIsVisible = 0;
			defaultConfigurationName = Release;
		};
		F9BF43E31BA8CF8B00BBEB63 /* Build configuration list for PBXNativeTarget "MyFirstApp" */ = {
			isa = XCConfigurationList;
			buildConfigurations = (
				F9BF43E41BA8CF8B00BBEB63 /* Debug */,
				F9BF43E51BA8CF8B00BBEB63 /* Release */,
			);
			defaultConfigurationIsVisible = 0;
		};
/* End XCConfigurationList section */
	};
	rootObject = F9BF43C91BA8CF8B00BBEB63 /* Project object */;
}
